
Microsoft Visual Studio Solution File, Format Version 12.00
# Visual Studio Version 16
VisualStudioVersion = 16.0.30413.136
MinimumVisualStudioVersion = 10.0.40219.1
Project("{FAE04EC0-301F-11D3-BF4B-00C04F79EFBC}") = "KURS1", "KURS1\KURS1.csproj", "{D21801DE-53FC-4834-9434-CA509A08D29B}"
EndProject
Global
	GlobalSection(SolutionConfigurationPlatforms) = preSolution
		Debug|Any CPU = Debug|Any CPU
		Release|Any CPU = Release|Any CPU
	EndGlobalSection
	GlobalSection(ProjectConfigurationPlatforms) = postSolution
		{D21801DE-53FC-4834-9434-CA509A08D29B}.Debug|Any CPU.ActiveCfg = Debug|Any CPU
		{D21801DE-53FC-4834-9434-CA509A08D29B}.Debug|Any CPU.Build.0 = Debug|Any CPU
		{D21801DE-53FC-4834-9434-CA509A08D29B}.Release|Any CPU.ActiveCfg = Release|Any CPU
		{D21801DE-53FC-4834-9434-CA509A08D29B}.Release|Any CPU.Build.0 = Release|Any CPU
	EndGlobalSection
	GlobalSection(SolutionProperties) = preSolution
		HideSolutionNode = FALSE
	EndGlobalSection
	GlobalSection(ExtensibilityGlobals) = postSolution
		SolutionGuid = {5C9BFF8F-BEDE-48D5-8792-A28A14A851F8}
	EndGlobalSection
EndGlobal
